
Microsoft Visual Studio Solution File, Format Version 12.00
# Visual Studio Version 17
VisualStudioVersion = 17.4.33205.214
MinimumVisualStudioVersion = 10.0.40219.1
Project("{8BC9CEB8-8B4A-11D0-8D11-00A0C91BC942}") = "chap7", "chap7.vcxproj", "{ED8FD700-0236-4CF7-B419-01C8288142B5}"
EndProject
Global
	GlobalSection(SolutionConfigurationPlatforms) = preSolution
		Debug|x64 = Debug|x64
		Debug|x86 = Debug|x86
		Release|x64 = Release|x64
		Release|x86 = Release|x86
	EndGlobalSection
	GlobalSection(ProjectConfigurationPlatforms) = postSolution
		{ED8FD700-0236-4CF7-B419-01C8288142B5}.Debug|x64.ActiveCfg = Debug|x64
		{ED8FD700-0236-4CF7-B419-01C8288142B5}.Debug|x64.Build.0 = Debug|x64
		{ED8FD700-0236-4CF7-B419-01C8288142B5}.Debug|x86.ActiveCfg = Debug|Win32
		{ED8FD700-0236-4CF7-B419-01C8288142B5}.Debug|x86.Build.0 = Debug|Win32
		{ED8FD700-0236-4CF7-B419-01C8288142B5}.Release|x64.ActiveCfg = Release|x64
		{ED8FD700-0236-4CF7-B419-01C8288142B5}.Release|x64.Build.0 = Release|x64
		{ED8FD700-0236-4CF7-B419-01C8288142B5}.Release|x86.ActiveCfg = Release|Win32
		{ED8FD700-0236-4CF7-B419-01C8288142B5}.Release|x86.Build.0 = Release|Win32
	EndGlobalSection
	GlobalSection(SolutionProperties) = preSolution
		HideSolutionNode = FALSE
	EndGlobalSection
	GlobalSection(ExtensibilityGlobals) = postSolution
		SolutionGuid = {0118DB58-9466-4349-8D11-1B9339668BAC}
	EndGlobalSection
EndGlobal
